# This file is automatically @generated by Poetry 2.1.1 and should not be changed by hand.

[[package]]
name = "affine"
version = "2.4.0"
description = "Matrices describing affine transformation of the plane"
optional = false
python-versions = ">=3.7"
groups = ["main"]
files = [
    {file = "affine-2.4.0-py3-none-any.whl", hash = "sha256:8a3df80e2b2378aef598a83c1392efd47967afec4242021a0b06b4c7cbc61a92"},
    {file = "affine-2.4.0.tar.gz", hash = "sha256:a24d818d6a836c131976d22f8c27b8d3ca32d0af64c1d8d29deb7bafa4da1eea"},
]

[package.extras]
dev = ["coveralls", "flake8", "pydocstyle"]
test = ["pytest (>=4.6)", "pytest-cov"]

[[package]]
name = "attrs"
version = "25.4.0"
description = "Classes Without Boilerplate"
optional = false
python-versions = ">=3.9"
groups = ["main"]
files = [
    {file = "attrs-25.4.0-py3-none-any.whl", hash = "sha256:adcf7e2a1fb3b36ac48d97835bb6d8ade15b8dcce26aba8bf1d14847b57a3373"},
    {file = "attrs-25.4.0.tar.gz", hash = "sha256:16d5969b87f0859ef33a48b35d55ac1be6e42ae49d5e853b597db70c35c57e11"},
]

[[package]]
name = "certifi"
version = "2025.10.5"
description = "Python package for providing Mozilla's CA Bundle."
optional = false
python-versions = ">=3.7"
groups = ["main"]
files = [
    {file = "certifi-2025.10.5-py3-none-any.whl", hash = "sha256:0f212c2744a9bb6de0c56639a6f68afe01ecd92d91f14ae897c4fe7bbeeef0de"},
    {file = "certifi-2025.10.5.tar.gz", hash = "sha256:47c09d31ccf2acf0be3f701ea53595ee7e0b8fa08801c6624be771df09ae7b43"},
]

[[package]]
name = "click"
version = "7.1.2"
description = "Composable command line interface toolkit"
optional = false
python-versions = ">=2.7, !=3.0.*, !=3.1.*, !=3.2.*, !=3.3.*, !=3.4.*"
groups = ["main"]
files = [
    {file = "click-7.1.2-py2.py3-none-any.whl", hash = "sha256:dacca89f4bfadd5de3d7489b7c8a566eee0d3676333fbb50030263894c38c0dc"},
    {file = "click-7.1.2.tar.gz", hash = "sha256:d2b5255c7c6349bc1bd1e59e08cd12acbbd63ce649f2588755783aa94dfb6b1a"},
]

[[package]]
name = "click-plugins"
version = "1.1.1.2"
description = "An extension module for click to enable registering CLI commands via setuptools entry-points."
optional = false
python-versions = "*"
groups = ["main"]
files = [
    {file = "click_plugins-1.1.1.2-py2.py3-none-any.whl", hash = "sha256:008d65743833ffc1f5417bf0e78e8d2c23aab04d9745ba817bd3e71b0feb6aa6"},
    {file = "click_plugins-1.1.1.2.tar.gz", hash = "sha256:d7af3984a99d243c131aa1a828331e7630f4a88a9741fd05c927b204bcf92261"},
]

[package.dependencies]
click = ">=4.0"

[package.extras]
dev = ["coveralls", "pytest (>=3.6)", "pytest-cov", "wheel"]

[[package]]
name = "cligj"
version = "0.6.0"
description = "Click params for commmand line interfaces to GeoJSON"
optional = false
python-versions = "*"
groups = ["main"]
files = [
    {file = "cligj-0.6.0-py2-none-any.whl", hash = "sha256:b258362e31ffbd8dbaeeb81c14ffe803675767e96b4807bfc39da69e467f7c0d"},
    {file = "cligj-0.6.0-py3-none-any.whl", hash = "sha256:639242b1df173fdaef11c6214b2bc7404c7c6909730a1cfa1e69b5255acf2d60"},
    {file = "cligj-0.6.0.tar.gz", hash = "sha256:a5f080858fd584d73fcc2b75f80ed05054130944e2283019d1828a6deb9e4110"},
]

[package.dependencies]
click = ">=4.0,<8"

[package.extras]
test = ["pytest-cov"]

[[package]]
name = "laspy"
version = "2.6.1"
description = "Native Python ASPRS LAS read/write library"
optional = false
python-versions = ">=3.9"
groups = ["main"]
files = [
    {file = "laspy-2.6.1-py3-none-any.whl", hash = "sha256:44c4d3c38fcef81cdb9201a0b98e5e4f09831c98d2ec1335b9ee59da16a37349"},
    {file = "laspy-2.6.1.tar.gz", hash = "sha256:ce9cb9a18528b2a2b985583df40a4dea68cdda7995e47e4b00b6d48df0e88daa"},
]

[package.dependencies]
numpy = "*"

[package.extras]
cli = ["rich (>=10.11.0)", "typer[all] (>=0.8.0)"]
dev = ["attrs (>=24.1)", "black (==22.3.0)", "coverage", "isort (==5.11.5)", "m2r2", "nox", "pytest", "pytest-benchmark", "rangehttpserver", "sphinx", "sphinx-rtd-theme"]
laszip = ["laszip (>=0.2.1,<0.3.0)"]
lazrs = ["lazrs (>=0.7.0,<0.8.0)"]
pyproj = ["pyproj"]
requests = ["requests"]

[[package]]
name = "lazrs"
version = "0.8.0"
description = ""
optional = false
python-versions = "*"
groups = ["main"]
files = [
    {file = "lazrs-0.8.0-cp310-cp310-macosx_10_12_x86_64.whl", hash = "sha256:79dc2d4439281ee511ec20b71501e3ea9d0a60dc6a14028623bd6adf94a72f21"},
    {file = "lazrs-0.8.0-cp310-cp310-macosx_11_0_arm64.whl", hash = "sha256:5ff131b89f9de8df5a96eb4e5c12e3e5ab68351f1d330b5b178d3c7563fadf38"},
    {file = "lazrs-0.8.0-cp310-cp310-manylinux_2_17_aarch64.manylinux2014_aarch64.whl", hash = "sha256:f5191ed63a87e4cf4d0436b0f408225bd3ad95a74ec50427b189093a700fa292"},
    {file = "lazrs-0.8.0-cp310-cp310-manylinux_2_17_x86_64.manylinux2014_x86_64.whl", hash = "sha256:ffef21c0a48d07f4e6bdc082f77ae646c9ffe864dddd3c0426622e3894efa058"},
    {file = "lazrs-0.8.0-cp310-cp310-win32.whl", hash = "sha256:d010d1e29a11046b5bf6e25d209b6358c1c83bb1bb3f9be176ca7bc8d023dfeb"},
    {file = "lazrs-0.8.0-cp310-cp310-win_amd64.whl", hash = "sha256:dfb1d6e301ad37954dd3fce0cd7f05b1a610b48519346842458ee6e4a70e2798"},
    {file = "lazrs-0.8.0-cp311-cp311-macosx_10_12_x86_64.whl", hash = "sha256:d47f21a702311fe388135709743b08401fe473a3102db97961b8f99ef1e9b495"},
    {file = "lazrs-0.8.0-cp311-cp311-macosx_11_0_arm64.whl", hash = "sha256:416092077bcbef836b03a0680ccafbae292c3988b022ec6b5bf6552a7d8a6ef9"},
    {file = "lazrs-0.8.0-cp311-cp311-manylinux_2_17_aarch64.manylinux2014_aarch64.whl", hash = "sha256:275ce35f90d1c2a84044b1e907a977f7708d11fc598169516fe63c08f9c06ac9"},
    {file = "lazrs-0.8.0-cp311-cp311-manylinux_2_17_x86_64.manylinux2014_x86_64.whl", hash = "sha256:c9f4fb331998f73db923d9ec64345663ed9e426d5c99f648a107ae4db05fe60b"},
    {file = "lazrs-0.8.0-cp311-cp311-win32.whl", hash = "sha256:4c9d9f9f53ddf473dbb8236739f3db0ad39da887439237cea00136c8b0f44edc"},
    {file = "lazrs-0.8.0-cp311-cp311-win_amd64.whl", hash = "sha256:68e10de8c6c43d60a0324999cb9bb1fb74fa548eea43f83b6d8ee124eccc9fcd"},
    {file = "lazrs-0.8.0-cp312-cp312-macosx_10_12_x86_64.whl", hash = "sha256:22de53742309a138014e4352d45caebbc44d3aae13442694420760039cbaf94d"},
    {file = "lazrs-0.8.0-cp312-cp312-macosx_11_0_arm64.whl", hash = "sha256:58fec5b24d8efc79f9d999d32bbcf92c97cb29fee3264eacfbce1ba96a483263"},
    {file = "lazrs-0.8.0-cp312-cp312-manylinux_2_17_aarch64.manylinux2014_aarch64.whl", hash = "sha256:9aa04e6710c57fc29a7eca12198eccdc38789f09f51554a8e6daa7d0036ba57d"},
    {file = "lazrs-0.8.0-cp312-cp312-manylinux_2_17_x86_64.manylinux2014_x86_64.whl", hash = "sha256:72e7cf68d5623cdfa4f4ecee4a5284985fb8673a5f74efd34b7872c1aa4f307b"},
    {file = "lazrs-0.8.0-cp312-cp312-win32.whl", hash = "sha256:9596347c1df671683f99c652c469c2957dccd2fcc86737f9086cd3ab74278e26"},
    {file = "lazrs-0.8.0-cp312-cp312-win_amd64.whl", hash = "sha256:4e004e4eb7d00080f95eccb7b11da26cd71486e6821d21dc1a9c59c1e82fa68a"},
    {file = "lazrs-0.8.0-cp313-cp313-macosx_10_12_x86_64.whl", hash = "sha256:c5eda44e09ec9a5cea3c38c36e2262f7844f17b240e78cc32c0dbb49b7753c24"},
    {file = "lazrs-0.8.0-cp313-cp313-macosx_11_0_arm64.whl", hash = "sha256:2d5605d21cf5acb4719d9a6c2fa49c557931f968c0018e2af3f8188b7a79f3f8"},
    {file = "lazrs-0.8.0-cp313-cp313-manylinux_2_17_x86_64.manylinux2014_x86_64.whl", hash = "sha256:0f74a19ccefd7ed7478f5057bac8143db039ab045f18b061a378fa9bbcf26426"},
    {file = "lazrs-0.8.0-cp313-cp313-win32.whl", hash = "sha256:402554a05f58c5da21ccacc3ea7e023d40ad462da3919a1e51858206324ba75d"},
    {file = "lazrs-0.8.0-cp313-cp313-win_amd64.whl", hash = "sha256:fec1fd622db1f9da2ff558b49137c30fbf97efe390dce4daf2acc9666a5edf7b"},
    {file = "lazrs-0.8.0-cp39-cp39-macosx_10_12_x86_64.whl", hash = "sha256:3841f2f0d20558e3250d7394ae71193538e7661549a267d38cafe12622bb06e5"},
    {file = "lazrs-0.8.0-cp39-cp39-macosx_11_0_arm64.whl", hash = "sha256:ba30385a55fdf5738a14e29b2e14e84519a43d049148d2641a6d7a83658fc877"},
    {file = "lazrs-0.8.0-cp39-cp39-manylinux_2_17_aarch64.manylinux2014_aarch64.whl", hash = "sha256:e8e90aef2d17881dcc431268f1dea5f29e86d91134efec4dd6746682c600e5c4"},
    {file = "lazrs-0.8.0-cp39-cp39-manylinux_2_17_x86_64.manylinux2014_x86_64.whl", hash = "sha256:de8e2d2ed0f399f3bed89a0551072570ec48e3f0a4a332915d38ddfc1dd8c84e"},
    {file = "lazrs-0.8.0-cp39-cp39-win32.whl", hash = "sha256:4a1564eaf33795ef27f0512a01f7507253a0197c294e8909d029e77bcb9b3c1a"},
    {file = "lazrs-0.8.0-cp39-cp39-win_amd64.whl", hash = "sha256:9097ad2e87aabc70edb1c5d09f7c69276264602eacbc80d343b90c6e94372572"},
    {file = "lazrs-0.8.0.tar.gz", hash = "sha256:223ea747140ef374c9cac9cb226aa0fc5bb25988fc2138a24d4152ba819dd38e"},
]

[[package]]
name = "numpy"
version = "2.3.3"
description = "Fundamental package for array computing in Python"
optional = false
python-versions = ">=3.11"
groups = ["main"]
files = [
    {file = "numpy-2.3.3-cp311-cp311-macosx_10_9_x86_64.whl", hash = "sha256:0ffc4f5caba7dfcbe944ed674b7eef683c7e94874046454bb79ed7ee0236f59d"},
    {file = "numpy-2.3.3-cp311-cp311-macosx_11_0_arm64.whl", hash = "sha256:e7e946c7170858a0295f79a60214424caac2ffdb0063d4d79cb681f9aa0aa569"},
    {file = "numpy-2.3.3-cp311-cp311-macosx_14_0_arm64.whl", hash = "sha256:cd4260f64bc794c3390a63bf0728220dd1a68170c169088a1e0dfa2fde1be12f"},
    {file = "numpy-2.3.3-cp311-cp311-macosx_14_0_x86_64.whl", hash = "sha256:f0ddb4b96a87b6728df9362135e764eac3cfa674499943ebc44ce96c478ab125"},
    {file = "numpy-2.3.3-cp311-cp311-manylinux_2_27_aarch64.manylinux_2_28_aarch64.whl", hash = "sha256:afd07d377f478344ec6ca2b8d4ca08ae8bd44706763d1efb56397de606393f48"},
    {file = "numpy-2.3.3-cp311-cp311-manylinux_2_27_x86_64.manylinux_2_28_x86_64.whl", hash = "sha256:bc92a5dedcc53857249ca51ef29f5e5f2f8c513e22cfb90faeb20343b8c6f7a6"},
    {file = "numpy-2.3.3-cp311-cp311-musllinux_1_2_aarch64.whl", hash = "sha256:7af05ed4dc19f308e1d9fc759f36f21921eb7bbfc82843eeec6b2a2863a0aefa"},
    {file = "numpy-2.3.3-cp311-cp311-musllinux_1_2_x86_64.whl", hash = "sha256:433bf137e338677cebdd5beac0199ac84712ad9d630b74eceeb759eaa45ddf30"},
    {file = "numpy-2.3.3-cp311-cp311-win32.whl", hash = "sha256:eb63d443d7b4ffd1e873f8155260d7f58e7e4b095961b01c91062935c2491e57"},
    {file = "numpy-2.3.3-cp311-cp311-win_amd64.whl", hash = "sha256:ec9d249840f6a565f58d8f913bccac2444235025bbb13e9a4681783572ee3caa"},
    {file = "numpy-2.3.3-cp311-cp311-win_arm64.whl", hash = "sha256:74c2a948d02f88c11a3c075d9733f1ae67d97c6bdb97f2bb542f980458b257e7"},
    {file = "numpy-2.3.3-cp312-cp312-macosx_10_13_x86_64.whl", hash = "sha256:cfdd09f9c84a1a934cde1eec2267f0a43a7cd44b2cca4ff95b7c0d14d144b0bf"},
    {file = "numpy-2.3.3-cp312-cp312-macosx_11_0_arm64.whl", hash = "sha256:cb32e3cf0f762aee47ad1ddc6672988f7f27045b0783c887190545baba73aa25"},
    {file = "numpy-2.3.3-cp312-cp312-macosx_14_0_arm64.whl", hash = "sha256:396b254daeb0a57b1fe0ecb5e3cff6fa79a380fa97c8f7781a6d08cd429418fe"},
    {file = "numpy-2.3.3-cp312-cp312-macosx_14_0_x86_64.whl", hash = "sha256:067e3d7159a5d8f8a0b46ee11148fc35ca9b21f61e3c49fbd0a027450e65a33b"},
    {file = "numpy-2.3.3-cp312-cp312-manylinux_2_27_aarch64.manylinux_2_28_aarch64.whl", hash = "sha256:1c02d0629d25d426585fb2e45a66154081b9fa677bc92a881ff1d216bc9919a8"},
    {file = "numpy-2.3.3-cp312-cp312-manylinux_2_27_x86_64.manylinux_2_28_x86_64.whl", hash = "sha256:d9192da52b9745f7f0766531dcfa978b7763916f158bb63bdb8a1eca0068ab20"},
    {file = "numpy-2.3.3-cp312-cp312-musllinux_1_2_aarch64.whl", hash = "sha256:cd7de500a5b66319db419dc3c345244404a164beae0d0937283b907d8152e6ea"},
    {file = "numpy-2.3.3-cp312-cp312-musllinux_1_2_x86_64.whl", hash = "sha256:93d4962d8f82af58f0b2eb85daaf1b3ca23fe0a85d0be8f1f2b7bb46034e56d7"},
    {file = "numpy-2.3.3-cp312-cp312-win32.whl", hash = "sha256:5534ed6b92f9b7dca6c0a19d6df12d41c68b991cef051d108f6dbff3babc4ebf"},
    {file = "numpy-2.3.3-cp312-cp312-win_amd64.whl", hash = "sha256:497d7cad08e7092dba36e3d296fe4c97708c93daf26643a1ae4b03f6294d30eb"},
    {file = "numpy-2.3.3-cp312-cp312-win_arm64.whl", hash = "sha256:ca0309a18d4dfea6fc6262a66d06c26cfe4640c3926ceec90e57791a82b6eee5"},
    {file = "numpy-2.3.3-cp313-cp313-macosx_10_13_x86_64.whl", hash = "sha256:f5415fb78995644253370985342cd03572ef8620b934da27d77377a2285955bf"},
    {file = "numpy-2.3.3-cp313-cp313-macosx_11_0_arm64.whl", hash = "sha256:d00de139a3324e26ed5b95870ce63be7ec7352171bc69a4cf1f157a48e3eb6b7"},
    {file = "numpy-2.3.3-cp313-cp313-macosx_14_0_arm64.whl", hash = "sha256:9dc13c6a5829610cc07422bc74d3ac083bd8323f14e2827d992f9e52e22cd6a6"},
    {file = "numpy-2.3.3-cp313-cp313-macosx_14_0_x86_64.whl", hash = "sha256:d79715d95f1894771eb4e60fb23f065663b2298f7d22945d66877aadf33d00c7"},
    {file = "numpy-2.3.3-cp313-cp313-manylinux_2_27_aarch64.manylinux_2_28_aarch64.whl", hash = "sha256:952cfd0748514ea7c3afc729a0fc639e61655ce4c55ab9acfab14bda4f402b4c"},
    {file = "numpy-2.3.3-cp313-cp313-manylinux_2_27_x86_64.manylinux_2_28_x86_64.whl", hash = "sha256:5b83648633d46f77039c29078751f80da65aa64d5622a3cd62aaef9d835b6c93"},
    {file = "numpy-2.3.3-cp313-cp313-musllinux_1_2_aarch64.whl", hash = "sha256:b001bae8cea1c7dfdb2ae2b017ed0a6f2102d7a70059df1e338e307a4c78a8ae"},
    {file = "numpy-2.3.3-cp313-cp313-musllinux_1_2_x86_64.whl", hash = "sha256:8e9aced64054739037d42fb84c54dd38b81ee238816c948c8f3ed134665dcd86"},
    {file = "numpy-2.3.3-cp313-cp313-win32.whl", hash = "sha256:9591e1221db3f37751e6442850429b3aabf7026d3b05542d102944ca7f00c8a8"},
    {file = "numpy-2.3.3-cp313-cp313-win_amd64.whl", hash = "sha256:f0dadeb302887f07431910f67a14d57209ed91130be0adea2f9793f1a4f817cf"},
    {file = "numpy-2.3.3-cp313-cp313-win_arm64.whl", hash = "sha256:3c7cf302ac6e0b76a64c4aecf1a09e51abd9b01fc7feee80f6c43e3ab1b1dbc5"},
    {file = "numpy-2.3.3-cp313-cp313t-macosx_10_13_x86_64.whl", hash = "sha256:eda59e44957d272846bb407aad19f89dc6f58fecf3504bd144f4c5cf81a7eacc"},
    {file = "numpy-2.3.3-cp313-cp313t-macosx_11_0_arm64.whl", hash = "sha256:823d04112bc85ef5c4fda73ba24e6096c8f869931405a80aa8b0e604510a26bc"},
    {file = "numpy-2.3.3-cp313-cp313t-macosx_14_0_arm64.whl", hash = "sha256:40051003e03db4041aa325da2a0971ba41cf65714e65d296397cc0e32de6018b"},
    {file = "numpy-2.3.3-cp313-cp313t-macosx_14_0_x86_64.whl", hash = "sha256:6ee9086235dd6ab7ae75aba5662f582a81ced49f0f1c6de4260a78d8f2d91a19"},
    {file = "numpy-2.3.3-cp313-cp313t-manylinux_2_27_aarch64.manylinux_2_28_aarch64.whl", hash = "sha256:94fcaa68757c3e2e668ddadeaa86ab05499a70725811e582b6a9858dd472fb30"},
    {file = "numpy-2.3.3-cp313-cp313t-manylinux_2_27_x86_64.manylinux_2_28_x86_64.whl", hash = "sha256:da1a74b90e7483d6ce5244053399a614b1d6b7bc30a60d2f570e5071f8959d3e"},
    {file = "numpy-2.3.3-cp313-cp313t-musllinux_1_2_aarch64.whl", hash = "sha256:2990adf06d1ecee3b3dcbb4977dfab6e9f09807598d647f04d385d29e7a3c3d3"},
    {file = "numpy-2.3.3-cp313-cp313t-musllinux_1_2_x86_64.whl", hash = "sha256:ed635ff692483b8e3f0fcaa8e7eb8a75ee71aa6d975388224f70821421800cea"},
    {file = "numpy-2.3.3-cp313-cp313t-win32.whl", hash = "sha256:a333b4ed33d8dc2b373cc955ca57babc00cd6f9009991d9edc5ddbc1bac36bcd"},
    {file = "numpy-2.3.3-cp313-cp313t-win_amd64.whl", hash = "sha256:4384a169c4d8f97195980815d6fcad04933a7e1ab3b530921c3fef7a1c63426d"},
    {file = "numpy-2.3.3-cp313-cp313t-win_arm64.whl", hash = "sha256:75370986cc0bc66f4ce5110ad35aae6d182cc4ce6433c40ad151f53690130bf1"},
    {file = "numpy-2.3.3-cp314-cp314-macosx_10_13_x86_64.whl", hash = "sha256:cd052f1fa6a78dee696b58a914b7229ecfa41f0a6d96dc663c1220a55e137593"},
    {file = "numpy-2.3.3-cp314-cp314-macosx_11_0_arm64.whl", hash = "sha256:414a97499480067d305fcac9716c29cf4d0d76db6ebf0bf3cbce666677f12652"},
    {file = "numpy-2.3.3-cp314-cp314-macosx_14_0_arm64.whl", hash = "sha256:50a5fe69f135f88a2be9b6ca0481a68a136f6febe1916e4920e12f1a34e708a7"},
    {file = "numpy-2.3.3-cp314-cp314-macosx_14_0_x86_64.whl", hash = "sha256:b912f2ed2b67a129e6a601e9d93d4fa37bef67e54cac442a2f588a54afe5c67a"},
    {file = "numpy-2.3.3-cp314-cp314-manylinux_2_27_aarch64.manylinux_2_28_aarch64.whl", hash = "sha256:9e318ee0596d76d4cb3d78535dc005fa60e5ea348cd131a51e99d0bdbe0b54fe"},
    {file = "numpy-2.3.3-cp314-cp314-manylinux_2_27_x86_64.manylinux_2_28_x86_64.whl", hash = "sha256:ce020080e4a52426202bdb6f7691c65bb55e49f261f31a8f506c9f6bc7450421"},
    {file = "numpy-2.3.3-cp314-cp314-musllinux_1_2_aarch64.whl", hash = "sha256:e6687dc183aa55dae4a705b35f9c0f8cb178bcaa2f029b241ac5356221d5c021"},
    {file = "numpy-2.3.3-cp314-cp314-musllinux_1_2_x86_64.whl", hash = "sha256:d8f3b1080782469fdc1718c4ed1d22549b5fb12af0d57d35e992158a772a37cf"},
    {file = "numpy-2.3.3-cp314-cp314-win32.whl", hash = "sha256:cb248499b0bc3be66ebd6578b83e5acacf1d6cb2a77f2248ce0e40fbec5a76d0"},
    {file = "numpy-2.3.3-cp314-cp314-win_amd64.whl", hash = "sha256:691808c2b26b0f002a032c73255d0bd89751425f379f7bcd22d140db593a96e8"},
    {file = "numpy-2.3.3-cp314-cp314-win_arm64.whl", hash = "sha256:9ad12e976ca7b10f1774b03615a2a4bab8addce37ecc77394d8e986927dc0dfe"},
    {file = "numpy-2.3.3-cp314-cp314t-macosx_10_13_x86_64.whl", hash = "sha256:9cc48e09feb11e1db00b320e9d30a4151f7369afb96bd0e48d942d09da3a0d00"},
    {file = "numpy-2.3.3-cp314-cp314t-macosx_11_0_arm64.whl", hash = "sha256:901bf6123879b7f251d3631967fd574690734236075082078e0571977c6a8e6a"},
    {file = "numpy-2.3.3-cp314-cp314t-macosx_14_0_arm64.whl", hash = "sha256:7f025652034199c301049296b59fa7d52c7e625017cae4c75d8662e377bf487d"},
    {file = "numpy-2.3.3-cp314-cp314t-macosx_14_0_x86_64.whl", hash = "sha256:533ca5f6d325c80b6007d4d7fb1984c303553534191024ec6a524a4c92a5935a"},
    {file = "numpy-2.3.3-cp314-cp314t-manylinux_2_27_aarch64.manylinux_2_28_aarch64.whl", hash = "sha256:0edd58682a399824633b66885d699d7de982800053acf20be1eaa46d92009c54"},
    {file = "numpy-2.3.3-cp314-cp314t-manylinux_2_27_x86_64.manylinux_2_28_x86_64.whl", hash = "sha256:367ad5d8fbec5d9296d18478804a530f1191e24ab4d75ab408346ae88045d25e"},
    {file = "numpy-2.3.3-cp314-cp314t-musllinux_1_2_aarch64.whl", hash = "sha256:8f6ac61a217437946a1fa48d24c47c91a0c4f725237871117dea264982128097"},
    {file = "numpy-2.3.3-cp314-cp314t-musllinux_1_2_x86_64.whl", hash = "sha256:179a42101b845a816d464b6fe9a845dfaf308fdfc7925387195570789bb2c970"},
    {file = "numpy-2.3.3-cp314-cp314t-win32.whl", hash = "sha256:1250c5d3d2562ec4174bce2e3a1523041595f9b651065e4a4473f5f48a6bc8a5"},
    {file = "numpy-2.3.3-cp314-cp314t-win_amd64.whl", hash = "sha256:b37a0b2e5935409daebe82c1e42274d30d9dd355852529eab91dab8dcca7419f"},
    {file = "numpy-2.3.3-cp314-cp314t-win_arm64.whl", hash = "sha256:78c9f6560dc7e6b3990e32df7ea1a50bbd0e2a111e05209963f5ddcab7073b0b"},
    {file = "numpy-2.3.3-pp311-pypy311_pp73-macosx_10_15_x86_64.whl", hash = "sha256:1e02c7159791cd481e1e6d5ddd766b62a4d5acf8df4d4d1afe35ee9c5c33a41e"},
    {file = "numpy-2.3.3-pp311-pypy311_pp73-macosx_11_0_arm64.whl", hash = "sha256:dca2d0fc80b3893ae72197b39f69d55a3cd8b17ea1b50aa4c62de82419936150"},
    {file = "numpy-2.3.3-pp311-pypy311_pp73-macosx_14_0_arm64.whl", hash = "sha256:99683cbe0658f8271b333a1b1b4bb3173750ad59c0c61f5bbdc5b318918fffe3"},
    {file = "numpy-2.3.3-pp311-pypy311_pp73-macosx_14_0_x86_64.whl", hash = "sha256:d9d537a39cc9de668e5cd0e25affb17aec17b577c6b3ae8a3d866b479fbe88d0"},
    {file = "numpy-2.3.3-pp311-pypy311_pp73-manylinux_2_27_aarch64.manylinux_2_28_aarch64.whl", hash = "sha256:8596ba2f8af5f93b01d97563832686d20206d303024777f6dfc2e7c7c3f1850e"},
    {file = "numpy-2.3.3-pp311-pypy311_pp73-manylinux_2_27_x86_64.manylinux_2_28_x86_64.whl", hash = "sha256:e1ec5615b05369925bd1125f27df33f3b6c8bc10d788d5999ecd8769a1fa04db"},
    {file = "numpy-2.3.3-pp311-pypy311_pp73-win_amd64.whl", hash = "sha256:2e267c7da5bf7309670523896df97f93f6e469fb931161f483cd6882b3b1a5dc"},
    {file = "numpy-2.3.3.tar.gz", hash = "sha256:ddc7c39727ba62b80dfdbedf400d1c10ddfa8eefbd7ec8dcb118be8b56d31029"},
]

[[package]]
name = "pyparsing"
version = "3.2.5"
description = "pyparsing - Classes and methods to define and execute parsing grammars"
optional = false
python-versions = ">=3.9"
groups = ["main"]
files = [
    {file = "pyparsing-3.2.5-py3-none-any.whl", hash = "sha256:e38a4f02064cf41fe6593d328d0512495ad1f3d8a91c4f73fc401b3079a59a5e"},
    {file = "pyparsing-3.2.5.tar.gz", hash = "sha256:2df8d5b7b2802ef88e8d016a2eb9c7aeaa923529cd251ed0fe4608275d4105b6"},
]

[package.extras]
diagrams = ["jinja2", "railroad-diagrams"]

[[package]]
name = "rasterio"
version = "1.4.3"
description = "Fast and direct raster I/O for use with Numpy and SciPy"
optional = false
python-versions = ">=3.9"
groups = ["main"]
files = [
    {file = "rasterio-1.4.3-cp310-cp310-macosx_10_15_x86_64.whl", hash = "sha256:80f994b92e5dda78f13291710bd5c43efcfd164f69a8a2c20489115df9d178c8"},
    {file = "rasterio-1.4.3-cp310-cp310-macosx_14_0_arm64.whl", hash = "sha256:1a6e6ca9ec361599b48c9918ce25adb1a9203b8c8ca9b34ad78dccb3aef7945a"},
    {file = "rasterio-1.4.3-cp310-cp310-manylinux_2_17_x86_64.manylinux2014_x86_64.whl", hash = "sha256:5b8a4311582274de2346450e5361d092b80b8b5c7b02fda6203402ba101ffabf"},
    {file = "rasterio-1.4.3-cp310-cp310-win_amd64.whl", hash = "sha256:e79847a5a0e01399457a1e02d8c92040cb56729d054fe7796f0c17b246b18bf0"},
    {file = "rasterio-1.4.3-cp311-cp311-macosx_10_15_x86_64.whl", hash = "sha256:9c30114d95ebba4ff49f078b3c193d29ff56d832588649400a3fa78f1dda1c96"},
    {file = "rasterio-1.4.3-cp311-cp311-macosx_14_0_arm64.whl", hash = "sha256:812c854e7177064aeb58def2d59752887ad6b3d39ff3f858ed9df3f2ddc95613"},
    {file = "rasterio-1.4.3-cp311-cp311-manylinux_2_17_x86_64.manylinux2014_x86_64.whl", hash = "sha256:54eef32d20a0dfbba59a8bb9828e562c3e9e97e2355b8dfe4a5274117976059f"},
    {file = "rasterio-1.4.3-cp311-cp311-win_amd64.whl", hash = "sha256:4009f7ce4e0883d8e5b400970daa3f1ca309caac8916d955722ee4486654d452"},
    {file = "rasterio-1.4.3-cp312-cp312-macosx_10_15_x86_64.whl", hash = "sha256:e703e4b2c74c678786d5d110a3f30e26f3acfd65f09ccf35f69683a532f7a772"},
    {file = "rasterio-1.4.3-cp312-cp312-macosx_14_0_arm64.whl", hash = "sha256:38a126f8dbf405cd3450b5bd10c6cc493a2e1be4cf83442d26f5e4f412372d36"},
    {file = "rasterio-1.4.3-cp312-cp312-manylinux_2_17_x86_64.manylinux2014_x86_64.whl", hash = "sha256:8e90c2c300294265c16becc9822337ded0f01fb8664500b4d77890d633d8cd0e"},
    {file = "rasterio-1.4.3-cp312-cp312-win_amd64.whl", hash = "sha256:a962ad4c29feaf38b1d7a94389313127de3646a5b9b734fbf9a04e16051a27ff"},
    {file = "rasterio-1.4.3-cp313-cp313-macosx_10_15_x86_64.whl", hash = "sha256:5d4fcb635379b3d7b2f5e944c153849e3d27e93f35ad73ad4d3f0b8a580f0c8e"},
    {file = "rasterio-1.4.3-cp313-cp313-macosx_14_0_arm64.whl", hash = "sha256:98a9c89eade8c779e8ac1e525269faaa18c6b9818fc3c72cfc4627df71c66d0d"},
    {file = "rasterio-1.4.3-cp313-cp313-manylinux_2_17_x86_64.manylinux2014_x86_64.whl", hash = "sha256:d9bab1a0bb22b8bed1db34b5258db93d790ed4e61ef21ac055a7c6933c8d5e84"},
    {file = "rasterio-1.4.3-cp313-cp313-win_amd64.whl", hash = "sha256:1839960e2f3057a6daa323ccf67b330f8f2f0dbd4a50cc7031e88e649301c5c0"},
    {file = "rasterio-1.4.3-cp39-cp39-macosx_10_15_x86_64.whl", hash = "sha256:af04f788f6f814569184bd9da6c5d9889512212385ab58c52720dfb1f972671d"},
    {file = "rasterio-1.4.3-cp39-cp39-macosx_14_0_arm64.whl", hash = "sha256:3f411a6a5bcb81ab6dc9128a8bccd13d3822cfa4a50c239e3a0528751a1ad5fc"},
    {file = "rasterio-1.4.3-cp39-cp39-manylinux_2_17_x86_64.manylinux2014_x86_64.whl", hash = "sha256:597f8dcf494d0ca4254434496e83b1723fec206d23d64da5751a582a2b01e1d3"},
    {file = "rasterio-1.4.3-cp39-cp39-win_amd64.whl", hash = "sha256:a702e21712ba237e34515d829847f9f5f06d8e665e864a7bb0a3d4d8f6dec10d"},
    {file = "rasterio-1.4.3.tar.gz", hash = "sha256:201f05dbc7c4739dacb2c78a1cf4e09c0b7265b0a4d16ccbd1753ce4f2af350a"},
]

[package.dependencies]
affine = "*"
attrs = "*"
certifi = "*"
click = ">=4.0"
click-plugins = "*"
cligj = ">=0.5"
numpy = ">=1.24"
pyparsing = "*"

[package.extras]
all = ["boto3 (>=1.2.4)", "fsspec", "ghp-import", "hypothesis", "ipython (>=2.0)", "matplotlib", "numpydoc", "packaging", "pytest (>=2.8.2)", "pytest-cov (>=2.2.0)", "shapely", "sphinx", "sphinx-click", "sphinx-rtd-theme"]
docs = ["ghp-import", "numpydoc", "sphinx", "sphinx-click", "sphinx-rtd-theme"]
ipython = ["ipython (>=2.0)"]
plot = ["matplotlib"]
s3 = ["boto3 (>=1.2.4)"]
test = ["boto3 (>=1.2.4)", "fsspec", "hypothesis", "packaging", "pytest (>=2.8.2)", "pytest-cov (>=2.2.0)", "shapely"]

[[package]]
name = "scipy"
version = "1.16.2"
description = "Fundamental algorithms for scientific computing in Python"
optional = false
python-versions = ">=3.11"
groups = ["main"]
files = [
    {file = "scipy-1.16.2-cp311-cp311-macosx_10_14_x86_64.whl", hash = "sha256:6ab88ea43a57da1af33292ebd04b417e8e2eaf9d5aa05700be8d6e1b6501cd92"},
    {file = "scipy-1.16.2-cp311-cp311-macosx_12_0_arm64.whl", hash = "sha256:c95e96c7305c96ede73a7389f46ccd6c659c4da5ef1b2789466baeaed3622b6e"},
    {file = "scipy-1.16.2-cp311-cp311-macosx_14_0_arm64.whl", hash = "sha256:87eb178db04ece7c698220d523c170125dbffebb7af0345e66c3554f6f60c173"},
    {file = "scipy-1.16.2-cp311-cp311-macosx_14_0_x86_64.whl", hash = "sha256:4e409eac067dcee96a57fbcf424c13f428037827ec7ee3cb671ff525ca4fc34d"},
    {file = "scipy-1.16.2-cp311-cp311-manylinux2014_aarch64.manylinux_2_17_aarch64.whl", hash = "sha256:e574be127bb760f0dad24ff6e217c80213d153058372362ccb9555a10fc5e8d2"},
    {file = "scipy-1.16.2-cp311-cp311-manylinux2014_x86_64.manylinux_2_17_x86_64.whl", hash = "sha256:f5db5ba6188d698ba7abab982ad6973265b74bb40a1efe1821b58c87f73892b9"},
    {file = "scipy-1.16.2-cp311-cp311-musllinux_1_2_aarch64.whl", hash = "sha256:ec6e74c4e884104ae006d34110677bfe0098203a3fec2f3faf349f4cb05165e3"},
    {file = "scipy-1.16.2-cp311-cp311-musllinux_1_2_x86_64.whl", hash = "sha256:912f46667d2d3834bc3d57361f854226475f695eb08c08a904aadb1c936b6a88"},
    {file = "scipy-1.16.2-cp311-cp311-win_amd64.whl", hash = "sha256:91e9e8a37befa5a69e9cacbe0bcb79ae5afb4a0b130fd6db6ee6cc0d491695fa"},
    {file = "scipy-1.16.2-cp311-cp311-win_arm64.whl", hash = "sha256:f3bf75a6dcecab62afde4d1f973f1692be013110cad5338007927db8da73249c"},
    {file = "scipy-1.16.2-cp312-cp312-macosx_10_14_x86_64.whl", hash = "sha256:89d6c100fa5c48472047632e06f0876b3c4931aac1f4291afc81a3644316bb0d"},
    {file = "scipy-1.16.2-cp312-cp312-macosx_12_0_arm64.whl", hash = "sha256:ca748936cd579d3f01928b30a17dc474550b01272d8046e3e1ee593f23620371"},
    {file = "scipy-1.16.2-cp312-cp312-macosx_14_0_arm64.whl", hash = "sha256:fac4f8ce2ddb40e2e3d0f7ec36d2a1e7f92559a2471e59aec37bd8d9de01fec0"},
    {file = "scipy-1.16.2-cp312-cp312-macosx_14_0_x86_64.whl", hash = "sha256:033570f1dcefd79547a88e18bccacff025c8c647a330381064f561d43b821232"},
    {file = "scipy-1.16.2-cp312-cp312-manylinux2014_aarch64.manylinux_2_17_aarch64.whl", hash = "sha256:ea3421209bf00c8a5ef2227de496601087d8f638a2363ee09af059bd70976dc1"},
    {file = "scipy-1.16.2-cp312-cp312-manylinux2014_x86_64.manylinux_2_17_x86_64.whl", hash = "sha256:f66bd07ba6f84cd4a380b41d1bf3c59ea488b590a2ff96744845163309ee8e2f"},
    {file = "scipy-1.16.2-cp312-cp312-musllinux_1_2_aarch64.whl", hash = "sha256:5e9feab931bd2aea4a23388c962df6468af3d808ddf2d40f94a81c5dc38f32ef"},
    {file = "scipy-1.16.2-cp312-cp312-musllinux_1_2_x86_64.whl", hash = "sha256:03dfc75e52f72cf23ec2ced468645321407faad8f0fe7b1f5b49264adbc29cb1"},
    {file = "scipy-1.16.2-cp312-cp312-win_amd64.whl", hash = "sha256:0ce54e07bbb394b417457409a64fd015be623f36e330ac49306433ffe04bc97e"},
    {file = "scipy-1.16.2-cp312-cp312-win_arm64.whl", hash = "sha256:2a8ffaa4ac0df81a0b94577b18ee079f13fecdb924df3328fc44a7dc5ac46851"},
    {file = "scipy-1.16.2-cp313-cp313-macosx_10_14_x86_64.whl", hash = "sha256:84f7bf944b43e20b8a894f5fe593976926744f6c185bacfcbdfbb62736b5cc70"},
    {file = "scipy-1.16.2-cp313-cp313-macosx_12_0_arm64.whl", hash = "sha256:5c39026d12edc826a1ef2ad35ad1e6d7f087f934bb868fc43fa3049c8b8508f9"},
    {file = "scipy-1.16.2-cp313-cp313-macosx_14_0_arm64.whl", hash = "sha256:e52729ffd45b68777c5319560014d6fd251294200625d9d70fd8626516fc49f5"},
    {file = "scipy-1.16.2-cp313-cp313-macosx_14_0_x86_64.whl", hash = "sha256:024dd4a118cccec09ca3209b7e8e614931a6ffb804b2a601839499cb88bdf925"},
    {file = "scipy-1.16.2-cp313-cp313-manylinux2014_aarch64.manylinux_2_17_aarch64.whl", hash = "sha256:7a5dc7ee9c33019973a470556081b0fd3c9f4c44019191039f9769183141a4d9"},
    {file = "scipy-1.16.2-cp313-cp313-manylinux2014_x86_64.manylinux_2_17_x86_64.whl", hash = "sha256:c2275ff105e508942f99d4e3bc56b6ef5e4b3c0af970386ca56b777608ce95b7"},
    {file = "scipy-1.16.2-cp313-cp313-musllinux_1_2_aarch64.whl", hash = "sha256:af80196eaa84f033e48444d2e0786ec47d328ba00c71e4299b602235ffef9acb"},
    {file = "scipy-1.16.2-cp313-cp313-musllinux_1_2_x86_64.whl", hash = "sha256:9fb1eb735fe3d6ed1f89918224e3385fbf6f9e23757cacc35f9c78d3b712dd6e"},
    {file = "scipy-1.16.2-cp313-cp313-win_amd64.whl", hash = "sha256:fda714cf45ba43c9d3bae8f2585c777f64e3f89a2e073b668b32ede412d8f52c"},
    {file = "scipy-1.16.2-cp313-cp313-win_arm64.whl", hash = "sha256:2f5350da923ccfd0b00e07c3e5cfb316c1c0d6c1d864c07a72d092e9f20db104"},
    {file = "scipy-1.16.2-cp313-cp313t-macosx_10_14_x86_64.whl", hash = "sha256:53d8d2ee29b925344c13bda64ab51785f016b1b9617849dac10897f0701b20c1"},
    {file = "scipy-1.16.2-cp313-cp313t-macosx_12_0_arm64.whl", hash = "sha256:9e05e33657efb4c6a9d23bd8300101536abd99c85cca82da0bffff8d8764d08a"},
    {file = "scipy-1.16.2-cp313-cp313t-macosx_14_0_arm64.whl", hash = "sha256:7fe65b36036357003b3ef9d37547abeefaa353b237e989c21027b8ed62b12d4f"},
    {file = "scipy-1.16.2-cp313-cp313t-macosx_14_0_x86_64.whl", hash = "sha256:6406d2ac6d40b861cccf57f49592f9779071655e9f75cd4f977fa0bdd09cb2e4"},
    {file = "scipy-1.16.2-cp313-cp313t-manylinux2014_aarch64.manylinux_2_17_aarch64.whl", hash = "sha256:ff4dc42bd321991fbf611c23fc35912d690f731c9914bf3af8f417e64aca0f21"},
    {file = "scipy-1.16.2-cp313-cp313t-manylinux2014_x86_64.manylinux_2_17_x86_64.whl", hash = "sha256:654324826654d4d9133e10675325708fb954bc84dae6e9ad0a52e75c6b1a01d7"},
    {file = "scipy-1.16.2-cp313-cp313t-musllinux_1_2_aarch64.whl", hash = "sha256:63870a84cd15c44e65220eaed2dac0e8f8b26bbb991456a033c1d9abfe8a94f8"},
    {file = "scipy-1.16.2-cp313-cp313t-musllinux_1_2_x86_64.whl", hash = "sha256:fa01f0f6a3050fa6a9771a95d5faccc8e2f5a92b4a2e5440a0fa7264a2398472"},
    {file = "scipy-1.16.2-cp313-cp313t-win_amd64.whl", hash = "sha256:116296e89fba96f76353a8579820c2512f6e55835d3fad7780fece04367de351"},
    {file = "scipy-1.16.2-cp313-cp313t-win_arm64.whl", hash = "sha256:98e22834650be81d42982360382b43b17f7ba95e0e6993e2a4f5b9ad9283a94d"},
    {file = "scipy-1.16.2-cp314-cp314-macosx_10_14_x86_64.whl", hash = "sha256:567e77755019bb7461513c87f02bb73fb65b11f049aaaa8ca17cfaa5a5c45d77"},
    {file = "scipy-1.16.2-cp314-cp314-macosx_12_0_arm64.whl", hash = "sha256:17d9bb346194e8967296621208fcdfd39b55498ef7d2f376884d5ac47cec1a70"},
    {file = "scipy-1.16.2-cp314-cp314-macosx_14_0_arm64.whl", hash = "sha256:0a17541827a9b78b777d33b623a6dcfe2ef4a25806204d08ead0768f4e529a88"},
    {file = "scipy-1.16.2-cp314-cp314-macosx_14_0_x86_64.whl", hash = "sha256:d7d4c6ba016ffc0f9568d012f5f1eb77ddd99412aea121e6fa8b4c3b7cbad91f"},
    {file = "scipy-1.16.2-cp314-cp314-manylinux2014_aarch64.manylinux_2_17_aarch64.whl", hash = "sha256:9702c4c023227785c779cba2e1d6f7635dbb5b2e0936cdd3a4ecb98d78fd41eb"},
    {file = "scipy-1.16.2-cp314-cp314-manylinux2014_x86_64.manylinux_2_17_x86_64.whl", hash = "sha256:d1cdf0ac28948d225decdefcc45ad7dd91716c29ab56ef32f8e0d50657dffcc7"},
    {file = "scipy-1.16.2-cp314-cp314-musllinux_1_2_aarch64.whl", hash = "sha256:70327d6aa572a17c2941cdfb20673f82e536e91850a2e4cb0c5b858b690e1548"},
    {file = "scipy-1.16.2-cp314-cp314-musllinux_1_2_x86_64.whl", hash = "sha256:5221c0b2a4b58aa7c4ed0387d360fd90ee9086d383bb34d9f2789fafddc8a936"},
    {file = "scipy-1.16.2-cp314-cp314-win_amd64.whl", hash = "sha256:f5a85d7b2b708025af08f060a496dd261055b617d776fc05a1a1cc69e09fe9ff"},
    {file = "scipy-1.16.2-cp314-cp314-win_arm64.whl", hash = "sha256:2cc73a33305b4b24556957d5857d6253ce1e2dcd67fa0ff46d87d1670b3e1e1d"},
    {file = "scipy-1.16.2-cp314-cp314t-macosx_10_14_x86_64.whl", hash = "sha256:9ea2a3fed83065d77367775d689401a703d0f697420719ee10c0780bcab594d8"},
    {file = "scipy-1.16.2-cp314-cp314t-macosx_12_0_arm64.whl", hash = "sha256:7280d926f11ca945c3ef92ba960fa924e1465f8d07ce3a9923080363390624c4"},
    {file = "scipy-1.16.2-cp314-cp314t-macosx_14_0_arm64.whl", hash = "sha256:8afae1756f6a1fe04636407ef7dbece33d826a5d462b74f3d0eb82deabefd831"},
    {file = "scipy-1.16.2-cp314-cp314t-macosx_14_0_x86_64.whl", hash = "sha256:5c66511f29aa8d233388e7416a3f20d5cae7a2744d5cee2ecd38c081f4e861b3"},
    {file = "scipy-1.16.2-cp314-cp314t-manylinux2014_aarch64.manylinux_2_17_aarch64.whl", hash = "sha256:efe6305aeaa0e96b0ccca5ff647a43737d9a092064a3894e46c414db84bc54ac"},
    {file = "scipy-1.16.2-cp314-cp314t-manylinux2014_x86_64.manylinux_2_17_x86_64.whl", hash = "sha256:7f3a337d9ae06a1e8d655ee9d8ecb835ea5ddcdcbd8d23012afa055ab014f374"},
    {file = "scipy-1.16.2-cp314-cp314t-musllinux_1_2_aarch64.whl", hash = "sha256:bab3605795d269067d8ce78a910220262711b753de8913d3deeaedb5dded3bb6"},
    {file = "scipy-1.16.2-cp314-cp314t-musllinux_1_2_x86_64.whl", hash = "sha256:b0348d8ddb55be2a844c518cd8cc8deeeb8aeba707cf834db5758fc89b476a2c"},
    {file = "scipy-1.16.2-cp314-cp314t-win_amd64.whl", hash = "sha256:26284797e38b8a75e14ea6631d29bda11e76ceaa6ddb6fdebbfe4c4d90faf2f9"},
    {file = "scipy-1.16.2-cp314-cp314t-win_arm64.whl", hash = "sha256:d2a4472c231328d4de38d5f1f68fdd6d28a615138f842580a8a321b5845cf779"},
    {file = "scipy-1.16.2.tar.gz", hash = "sha256:af029b153d243a80afb6eabe40b0a07f8e35c9adc269c019f364ad747f826a6b"},
]

[package.dependencies]
numpy = ">=1.25.2,<2.6"

[package.extras]
dev = ["cython-lint (>=0.12.2)", "doit (>=0.36.0)", "mypy (==1.10.0)", "pycodestyle", "pydevtool", "rich-click", "ruff (>=0.0.292)", "types-psutil", "typing_extensions"]
doc = ["intersphinx_registry", "jupyterlite-pyodide-kernel", "jupyterlite-sphinx (>=0.19.1)", "jupytext", "linkify-it-py", "matplotlib (>=3.5)", "myst-nb (>=1.2.0)", "numpydoc", "pooch", "pydata-sphinx-theme (>=0.15.2)", "sphinx (>=5.0.0,<8.2.0)", "sphinx-copybutton", "sphinx-design (>=0.4.0)"]
test = ["Cython", "array-api-strict (>=2.3.1)", "asv", "gmpy2", "hypothesis (>=6.30)", "meson", "mpmath", "ninja ; sys_platform != \"emscripten\"", "pooch", "pytest (>=8.0.0)", "pytest-cov", "pytest-timeout", "pytest-xdist", "scikit-umfpack", "threadpoolctl"]

[metadata]
lock-version = "2.1"
python-versions = ">=3.13"
content-hash = "0d3ba0c970db626120ac4ffe0c239d3f4269bca0198018ca2a00b0533d1561d5"
